
Microsoft Visual Studio Solution File, Format Version 12.00
# Visual Studio 15
VisualStudioVersion = 15.0.26124.0
MinimumVisualStudioVersion = 15.0.26124.0
Project("{FAE04EC0-301F-11D3-BF4B-00C04F79EFBC}") = "Domain", "Domain\Domain.csproj", "{D718DC98-70E9-4144-80A4-809DC294AC34}"
EndProject
Project("{FAE04EC0-301F-11D3-BF4B-00C04F79EFBC}") = "Application", "Application\Application.csproj", "{13549A29-22A7-4C6A-8E05-C0858808BEA5}"
EndProject
Project("{FAE04EC0-301F-11D3-BF4B-00C04F79EFBC}") = "Persistence", "Persistence\Persistence.csproj", "{761506CD-D100-4ED6-ADC9-02CEC6ABD0CF}"
EndProject
Project("{FAE04EC0-301F-11D3-BF4B-00C04F79EFBC}") = "API", "API\API.csproj", "{07EB8FAE-2662-4210-811B-E729804D60B3}"
EndProject
Global
	GlobalSection(SolutionConfigurationPlatforms) = preSolution
		Debug|Any CPU = Debug|Any CPU
		Debug|x64 = Debug|x64
		Debug|x86 = Debug|x86
		Release|Any CPU = Release|Any CPU
		Release|x64 = Release|x64
		Release|x86 = Release|x86
	EndGlobalSection
	GlobalSection(SolutionProperties) = preSolution
		HideSolutionNode = FALSE
	EndGlobalSection
	GlobalSection(ProjectConfigurationPlatforms) = postSolution
		{D718DC98-70E9-4144-80A4-809DC294AC34}.Debug|Any CPU.ActiveCfg = Debug|Any CPU
		{D718DC98-70E9-4144-80A4-809DC294AC34}.Debug|Any CPU.Build.0 = Debug|Any CPU
		{D718DC98-70E9-4144-80A4-809DC294AC34}.Debug|x64.ActiveCfg = Debug|Any CPU
		{D718DC98-70E9-4144-80A4-809DC294AC34}.Debug|x64.Build.0 = Debug|Any CPU
		{D718DC98-70E9-4144-80A4-809DC294AC34}.Debug|x86.ActiveCfg = Debug|Any CPU
		{D718DC98-70E9-4144-80A4-809DC294AC34}.Debug|x86.Build.0 = Debug|Any CPU
		{D718DC98-70E9-4144-80A4-809DC294AC34}.Release|Any CPU.ActiveCfg = Release|Any CPU
		{D718DC98-70E9-4144-80A4-809DC294AC34}.Release|Any CPU.Build.0 = Release|Any CPU
		{D718DC98-70E9-4144-80A4-809DC294AC34}.Release|x64.ActiveCfg = Release|Any CPU
		{D718DC98-70E9-4144-80A4-809DC294AC34}.Release|x64.Build.0 = Release|Any CPU
		{D718DC98-70E9-4144-80A4-809DC294AC34}.Release|x86.ActiveCfg = Release|Any CPU
		{D718DC98-70E9-4144-80A4-809DC294AC34}.Release|x86.Build.0 = Release|Any CPU
		{13549A29-22A7-4C6A-8E05-C0858808BEA5}.Debug|Any CPU.ActiveCfg = Debug|Any CPU
		{13549A29-22A7-4C6A-8E05-C0858808BEA5}.Debug|Any CPU.Build.0 = Debug|Any CPU
		{13549A29-22A7-4C6A-8E05-C0858808BEA5}.Debug|x64.ActiveCfg = Debug|Any CPU
		{13549A29-22A7-4C6A-8E05-C0858808BEA5}.Debug|x64.Build.0 = Debug|Any CPU
		{13549A29-22A7-4C6A-8E05-C0858808BEA5}.Debug|x86.ActiveCfg = Debug|Any CPU
		{13549A29-22A7-4C6A-8E05-C0858808BEA5}.Debug|x86.Build.0 = Debug|Any CPU
		{13549A29-22A7-4C6A-8E05-C0858808BEA5}.Release|Any CPU.ActiveCfg = Release|Any CPU
		{13549A29-22A7-4C6A-8E05-C0858808BEA5}.Release|Any CPU.Build.0 = Release|Any CPU
		{13549A29-22A7-4C6A-8E05-C0858808BEA5}.Release|x64.ActiveCfg = Release|Any CPU
		{13549A29-22A7-4C6A-8E05-C0858808BEA5}.Release|x64.Build.0 = Release|Any CPU
		{13549A29-22A7-4C6A-8E05-C0858808BEA5}.Release|x86.ActiveCfg = Release|Any CPU
		{13549A29-22A7-4C6A-8E05-C0858808BEA5}.Release|x86.Build.0 = Release|Any CPU
		{761506CD-D100-4ED6-ADC9-02CEC6ABD0CF}.Debug|Any CPU.ActiveCfg = Debug|Any CPU
		{761506CD-D100-4ED6-ADC9-02CEC6ABD0CF}.Debug|Any CPU.Build.0 = Debug|Any CPU
		{761506CD-D100-4ED6-ADC9-02CEC6ABD0CF}.Debug|x64.ActiveCfg = Debug|Any CPU
		{761506CD-D100-4ED6-ADC9-02CEC6ABD0CF}.Debug|x64.Build.0 = Debug|Any CPU
		{761506CD-D100-4ED6-ADC9-02CEC6ABD0CF}.Debug|x86.ActiveCfg = Debug|Any CPU
		{761506CD-D100-4ED6-ADC9-02CEC6ABD0CF}.Debug|x86.Build.0 = Debug|Any CPU
		{761506CD-D100-4ED6-ADC9-02CEC6ABD0CF}.Release|Any CPU.ActiveCfg = Release|Any CPU
		{761506CD-D100-4ED6-ADC9-02CEC6ABD0CF}.Release|Any CPU.Build.0 = Release|Any CPU
		{761506CD-D100-4ED6-ADC9-02CEC6ABD0CF}.Release|x64.ActiveCfg = Release|Any CPU
		{761506CD-D100-4ED6-ADC9-02CEC6ABD0CF}.Release|x64.Build.0 = Release|Any CPU
		{761506CD-D100-4ED6-ADC9-02CEC6ABD0CF}.Release|x86.ActiveCfg = Release|Any CPU
		{761506CD-D100-4ED6-ADC9-02CEC6ABD0CF}.Release|x86.Build.0 = Release|Any CPU
		{07EB8FAE-2662-4210-811B-E729804D60B3}.Debug|Any CPU.ActiveCfg = Debug|Any CPU
		{07EB8FAE-2662-4210-811B-E729804D60B3}.Debug|Any CPU.Build.0 = Debug|Any CPU
		{07EB8FAE-2662-4210-811B-E729804D60B3}.Debug|x64.ActiveCfg = Debug|Any CPU
		{07EB8FAE-2662-4210-811B-E729804D60B3}.Debug|x64.Build.0 = Debug|Any CPU
		{07EB8FAE-2662-4210-811B-E729804D60B3}.Debug|x86.ActiveCfg = Debug|Any CPU
		{07EB8FAE-2662-4210-811B-E729804D60B3}.Debug|x86.Build.0 = Debug|Any CPU
		{07EB8FAE-2662-4210-811B-E729804D60B3}.Release|Any CPU.ActiveCfg = Release|Any CPU
		{07EB8FAE-2662-4210-811B-E729804D60B3}.Release|Any CPU.Build.0 = Release|Any CPU
		{07EB8FAE-2662-4210-811B-E729804D60B3}.Release|x64.ActiveCfg = Release|Any CPU
		{07EB8FAE-2662-4210-811B-E729804D60B3}.Release|x64.Build.0 = Release|Any CPU
		{07EB8FAE-2662-4210-811B-E729804D60B3}.Release|x86.ActiveCfg = Release|Any CPU
		{07EB8FAE-2662-4210-811B-E729804D60B3}.Release|x86.Build.0 = Release|Any CPU
	EndGlobalSection
EndGlobal
